[[package]]
name = "aiohttp"
version = "3.8.1"
description = "Async http client/server framework (asyncio)"
category = "main"
optional = false
python-versions = ">=3.6"

[package.dependencies]
aiosignal = ">=1.1.2"
async-timeout = ">=4.0.0a3,<5.0"
attrs = ">=17.3.0"
charset-normalizer = ">=2.0,<3.0"
frozenlist = ">=1.1.1"
multidict = ">=4.5,<7.0"
yarl = ">=1.0,<2.0"

[package.extras]
speedups = ["aiodns", "brotli", "cchardet"]

[[package]]
name = "aiosignal"
version = "1.2.0"
description = "aiosignal: a list of registered asynchronous callbacks"
category = "main"
optional = false
python-versions = ">=3.6"

[package.dependencies]
frozenlist = ">=1.1.0"

[[package]]
name = "asttokens"
version = "2.0.5"
description = "Annotate AST trees with source code positions"
category = "main"
optional = false
python-versions = "*"

[package.dependencies]
six = "*"

[package.extras]
test = ["astroid", "pytest"]

[[package]]
name = "async-timeout"
version = "4.0.2"
description = "Timeout context manager for asyncio programs"
category = "main"
optional = false
python-versions = ">=3.6"

[[package]]
name = "atomicwrites"
version = "1.4.1"
description = "Atomic file writes."
category = "main"
optional = false
python-versions = ">=2.7, !=3.0.*, !=3.1.*, !=3.2.*, !=3.3.*"

[[package]]
name = "attrs"
version = "22.1.0"
description = "Classes Without Boilerplate"
category = "main"
optional = false
python-versions = ">=3.5"

[package.extras]
dev = ["coverage[toml] (>=5.0.2)", "hypothesis", "pympler", "pytest (>=4.3.0)", "mypy (>=0.900,!=0.940)", "pytest-mypy-plugins", "zope.interface", "furo", "sphinx", "sphinx-notfound-page", "pre-commit", "cloudpickle"]
docs = ["furo", "sphinx", "zope.interface", "sphinx-notfound-page"]
tests = ["coverage[toml] (>=5.0.2)", "hypothesis", "pympler", "pytest (>=4.3.0)", "mypy (>=0.900,!=0.940)", "pytest-mypy-plugins", "zope.interface", "cloudpickle"]
tests_no_zope = ["coverage[toml] (>=5.0.2)", "hypothesis", "pympler", "pytest (>=4.3.0)", "mypy (>=0.900,!=0.940)", "pytest-mypy-plugins", "cloudpickle"]

[[package]]
name = "base58"
version = "2.1.1"
description = "Base58 and Base58Check implementation."
category = "main"
optional = false
python-versions = ">=3.5"

[package.extras]
tests = ["mypy", "PyHamcrest (>=2.0.2)", "pytest (>=4.6)", "pytest-benchmark", "pytest-cov", "pytest-flake8"]

[[package]]
name = "bitarray"
version = "2.6.0"
description = "efficient arrays of booleans -- C extension"
category = "main"
optional = false
python-versions = "*"

[[package]]
name = "black"
version = "22.6.0"
description = "The uncompromising code formatter."
category = "main"
optional = false
python-versions = ">=3.6.2"

[package.dependencies]
click = ">=8.0.0"
mypy-extensions = ">=0.4.3"
pathspec = ">=0.9.0"
platformdirs = ">=2"
tomli = {version = ">=1.1.0", markers = "python_full_version < \"3.11.0a7\""}
typing-extensions = {version = ">=3.10.0.0", markers = "python_version < \"3.10\""}

[package.extras]
uvloop = ["uvloop (>=0.15.2)"]
jupyter = ["tokenize-rt (>=3.2.0)", "ipython (>=7.8.0)"]
d = ["aiohttp (>=3.7.4)"]
colorama = ["colorama (>=0.4.3)"]

[[package]]
name = "certifi"
version = "2022.6.15"
description = "Python package for providing Mozilla's CA Bundle."
category = "main"
optional = false
python-versions = ">=3.6"

[[package]]
name = "charset-normalizer"
version = "2.1.0"
description = "The Real First Universal Charset Detector. Open, modern and actively maintained alternative to Chardet."
category = "main"
optional = false
python-versions = ">=3.6.0"

[package.extras]
unicode_backport = ["unicodedata2"]

[[package]]
name = "click"
version = "8.1.3"
description = "Composable command line interface toolkit"
category = "main"
optional = false
python-versions = ">=3.7"

[package.dependencies]
colorama = {version = "*", markers = "platform_system == \"Windows\""}

[[package]]
name = "colorama"
version = "0.4.5"
description = "Cross-platform colored terminal text."
category = "main"
optional = false
python-versions = ">=2.7, !=3.0.*, !=3.1.*, !=3.2.*, !=3.3.*, !=3.4.*"

[[package]]
name = "cytoolz"
version = "0.12.0"
description = "Cython implementation of Toolz: High performance functional utilities"
category = "main"
optional = false
python-versions = ">=3.5"

[package.dependencies]
toolz = ">=0.8.0"

[package.extras]
cython = ["cython"]

[[package]]
name = "dataclassy"
version = "0.11.1"
description = "A fast and flexible reimplementation of data classes"
category = "main"
optional = false
python-versions = ">=3.6"

[[package]]
name = "eip712"
version = "0.1.0"
description = "eip712: Message classes for typed structured data hashing and signing in Ethereum"
category = "main"
optional = false
python-versions = ">=3.6,<4"

[package.dependencies]
dataclassy = ">=0.8.2,<1.0"
eth-abi = ">=2.0.0b7,<3"
eth-typing = ">=2.2,<3.0"
eth-utils = ">=1.3.0,<2"
hexbytes = "<0.3.0"
pycryptodome = ">=3.4.7,<4.0.0"

[package.extras]
dev = ["pytest (>=6.0,<7.0)", "pytest-xdist", "pytest-cov", "hypothesis (>=6.2.0,<7.0)", "black (>=20.8b1,<21.0)", "mypy (>=0.800,<1.0)", "flake8 (>=3.8.3,<4.0)", "isort (>=5.7.0,<6.0)", "Sphinx (>=3.4.3,<4)", "sphinx-rtd-theme (>=0.1.9,<1)", "towncrier (>=19.2.0,<20)", "setuptools", "setuptools-scm", "wheel", "twine", "commitizen", "pytest-watch", "ipython", "ipdb"]
doc = ["Sphinx (>=3.4.3,<4)", "sphinx-rtd-theme (>=0.1.9,<1)", "towncrier (>=19.2.0,<20)"]
lint = ["black (>=20.8b1,<21.0)", "mypy (>=0.800,<1.0)", "flake8 (>=3.8.3,<4.0)", "isort (>=5.7.0,<6.0)"]
release = ["setuptools", "setuptools-scm", "wheel", "twine"]
test = ["pytest (>=6.0,<7.0)", "pytest-xdist", "pytest-cov", "hypothesis (>=6.2.0,<7.0)"]

[[package]]
name = "eth-abi"
version = "2.2.0"
description = "eth_abi: Python utilities for working with Ethereum ABI definitions, especially encoding and decoding"
category = "main"
optional = false
python-versions = ">=3.6, <4"

[package.dependencies]
eth-typing = ">=2.0.0,<3.0.0"
eth-utils = ">=1.2.0,<2.0.0"
parsimonious = ">=0.8.0,<0.9.0"

[package.extras]
tools = ["hypothesis (>=4.18.2,<5.0.0)"]
test = ["hypothesis (>=4.18.2,<5.0.0)", "eth-hash", "tox (>=2.9.1,<3)", "pytest-xdist (==1.22.3)", "pytest-pythonpath (>=0.7.1)", "pytest (==4.4.1)"]
lint = ["pydocstyle (>=3.0.0,<4)", "mypy (==0.910)", "isort (>=4.2.15,<5)", "flake8 (==4.0.1)"]
doc = ["towncrier (>=21,<22)", "sphinx-rtd-theme (>=0.1.9)", "jinja2 (>=3.0.0,<3.1.0)", "Sphinx (>=1.6.5,<2)"]
dev = ["towncrier (>=21,<22)", "sphinx-rtd-theme (>=0.1.9)", "jinja2 (>=3.0.0,<3.1.0)", "Sphinx (>=1.6.5,<2)", "pydocstyle (>=3.0.0,<4)", "mypy (==0.910)", "isort (>=4.2.15,<5)", "flake8 (==4.0.1)", "hypothesis (>=4.18.2,<5.0.0)", "eth-hash", "tox (>=2.9.1,<3)", "pytest-xdist (==1.22.3)", "pytest-pythonpath (>=0.7.1)", "pytest (==4.4.1)", "ipython", "twine", "wheel", "pytest-watch (>=4.1.0,<5)", "bumpversion (>=0.5.3,<1)"]

[[package]]
name = "eth-account"
version = "0.5.9"
description = "eth-account: Sign Ethereum transactions and messages with local private keys"
category = "main"
optional = false
python-versions = ">=3.6, <4"

[package.dependencies]
bitarray = ">=1.2.1,<3"
eth-abi = ">=2.0.0b7,<3"
eth-keyfile = ">=0.5.0,<0.6.0"
eth-keys = ">=0.3.4,<0.4.0"
eth-rlp = ">=0.1.2,<2"
eth-utils = ">=1.3.0,<2"
hexbytes = ">=0.1.0,<1"
rlp = ">=1.0.0,<3"

[package.extras]
test = ["tox (==3.14.6)", "pytest-xdist", "pytest (>=6.2.5,<7)", "hypothesis (>=4.18.0,<5)"]
lint = ["pydocstyle (>=5.0.0,<6)", "mypy (==0.910)", "isort (>=4.2.15,<5)", "flake8 (==3.7.9)"]
doc = ["towncrier (>=21.9.0)", "sphinx-rtd-theme (>=0.1.9,<1)", "Sphinx (>=1.6.5,<2)"]
dev = ["towncrier (>=21.9.0)", "sphinx-rtd-theme (>=0.1.9,<1)", "Sphinx (>=1.6.5,<2)", "pydocstyle (>=5.0.0,<6)", "mypy (==0.910)", "isort (>=4.2.15,<5)", "flake8 (==3.7.9)", "tox (==3.14.6)", "pytest-xdist", "pytest (>=6.2.5,<7)", "hypothesis (>=4.18.0,<5)", "ipython", "twine", "wheel", "pytest-watch (>=4.1.0,<5)", "bumpversion (>=0.5.3,<1)"]

[[package]]
name = "eth-brownie"
version = "1.19.1"
description = "A Python framework for Ethereum smart contract deployment, testing and interaction."
category = "main"
optional = false
python-versions = ">=3.7,<4"

[package.dependencies]
aiohttp = "3.8.1"
aiosignal = "1.2.0"
asttokens = "2.0.5"
async-timeout = "4.0.2"
attrs = "22.1.0"
base58 = "2.1.1"
bitarray = "2.6.0"
black = "22.6.0"
certifi = "2022.6.15"
charset-normalizer = "2.1.0"
click = "8.1.3"
cytoolz = "0.12.0"
dataclassy = "0.11.1"
eip712 = "0.1.0"
eth-abi = "2.2.0"
eth-account = "0.5.9"
eth-event = "1.2.3"
eth-hash = {version = "0.3.3", extras = ["pycryptodome"]}
eth-keyfile = "0.5.1"
eth-keys = "0.3.4"
eth-rlp = "0.2.1"
eth-typing = "2.3.0"
eth-utils = "1.10.0"
execnet = "1.9.0"
frozenlist = "1.3.1"
hexbytes = "0.2.2"
hypothesis = "6.27.3"
idna = "3.3"
inflection = "0.5.0"
iniconfig = "1.1.1"
ipfshttpclient = "0.8.0a2"
jsonschema = "3.2.0"
lazy-object-proxy = "1.7.1"
lru-dict = "1.1.8"
multiaddr = "0.0.9"
multidict = "6.0.2"
mypy-extensions = "0.4.3"
mythx-models = "1.9.1"
netaddr = "0.8.0"
packaging = "21.3"
parsimonious = "0.8.1"
pathspec = "0.9.0"
platformdirs = "2.5.2"
pluggy = "1.0.0"
prompt-toolkit = "3.0.30"
protobuf = "3.20.1"
psutil = "5.9.1"
py = "1.11.0"
py-solc-ast = "1.2.9"
py-solc-x = "1.1.1"
pycryptodome = "3.15.0"
pygments = "2.12.0"
pygments-lexer-solidity = "0.7.0"
pyjwt = "1.7.1"
pyparsing = "3.0.9"
pyrsistent = "0.18.1"
pytest = "6.2.5"
pytest-forked = "1.4.0"
pytest-xdist = "1.34.0"
python-dateutil = "2.8.1"
python-dotenv = "0.16.0"
pythx = "1.6.1"
pyyaml = "5.4.1"
requests = "2.28.1"
rlp = "2.0.1"
semantic-version = "2.8.5"
six = "1.16.0"
sortedcontainers = "2.4.0"
toml = "0.10.2"
tomli = "2.0.1"
toolz = "0.12.0"
tqdm = "4.64.0"
urllib3 = "1.26.11"
varint = "1.0.2"
vvm = "0.1.0"
vyper = "0.3.6"
wcwidth = "0.2.5"
web3 = "5.30.0"
websockets = "9.1"
wrapt = "1.14.1"
yarl = "1.8.1"

[[package]]
name = "eth-event"
version = "1.2.3"
description = "Ethereum event decoder and topic generator"
category = "main"
optional = false
python-versions = ">=3.6, <4"

[package.dependencies]
eth-abi = ">=2.0.0,<3.0.0"
eth-hash = {version = ">=0.2.0,<1.0.0", extras = ["pycryptodome"]}
eth-utils = ">=1.2.0,<2.0.0"
hexbytes = ">=0.2.0,<1.0.0"

[[package]]
name = "eth-hash"
version = "0.3.3"
description = "eth-hash: The Ethereum hashing function, keccak256, sometimes (erroneously) called sha3"
category = "main"
optional = false
python-versions = ">=3.5, <4"

[package.dependencies]
pycryptodome = {version = ">=3.6.6,<4", optional = true, markers = "extra == \"pycryptodome\""}

[package.extras]
test = ["tox (==3.14.6)", "pytest-xdist", "pytest (==5.4.1)"]
pysha3 = ["pysha3 (>=1.0.0,<2.0.0)"]
pycryptodome = ["pycryptodome (>=3.6.6,<4)"]
lint = ["pydocstyle (>=5.0.0,<6)", "mypy (==0.770)", "isort (>=4.2.15,<5)", "flake8 (==3.7.9)"]
doc = ["towncrier (>=19.2.0,<20)", "sphinx-rtd-theme (>=0.1.9,<1)", "Sphinx (>=1.6.5,<2)"]
dev = ["towncrier (>=19.2.0,<20)", "sphinx-rtd-theme (>=0.1.9,<1)", "Sphinx (>=1.6.5,<2)", "pydocstyle (>=5.0.0,<6)", "mypy (==0.770)", "isort (>=4.2.15,<5)", "flake8 (==3.7.9)", "tox (==3.14.6)", "pytest-xdist", "pytest (==5.4.1)", "ipython", "twine", "wheel", "pytest-watch (>=4.1.0,<5)", "bumpversion (>=0.5.3,<1)"]

[[package]]
name = "eth-keyfile"
version = "0.5.1"
description = "A library for handling the encrypted keyfiles used to store ethereum private keys."
category = "main"
optional = false
python-versions = "*"

[package.dependencies]
cytoolz = ">=0.9.0,<1.0.0"
eth-keys = ">=0.1.0-beta.4,<1.0.0"
eth-utils = ">=1.0.0-beta.1,<2.0.0"
pycryptodome = ">=3.4.7,<4.0.0"

[[package]]
name = "eth-keys"
version = "0.3.4"
description = "Common API for Ethereum key operations."
category = "main"
optional = false
python-versions = "*"

[package.dependencies]
eth-typing = ">=2.2.1,<3.0.0"
eth-utils = ">=1.8.2,<2.0.0"

[package.extras]
coincurve = ["coincurve (>=7.0.0,<13.0.0)"]
dev = ["tox (==3.20.0)", "bumpversion (==0.5.3)", "twine", "eth-utils (>=1.8.2,<2.0.0)", "eth-typing (>=2.2.1,<3.0.0)", "flake8 (==3.0.4)", "mypy (==0.782)", "asn1tools (>=0.146.2,<0.147)", "factory-boy (>=3.0.1,<3.1)", "pyasn1 (>=0.4.5,<0.5)", "pytest (==5.4.1)", "hypothesis (>=5.10.3,<6.0.0)", "eth-hash", "eth-hash"]
eth-keys = ["eth-utils (>=1.8.2,<2.0.0)", "eth-typing (>=2.2.1,<3.0.0)"]
lint = ["flake8 (==3.0.4)", "mypy (==0.782)"]
test = ["asn1tools (>=0.146.2,<0.147)", "factory-boy (>=3.0.1,<3.1)", "pyasn1 (>=0.4.5,<0.5)", "pytest (==5.4.1)", "hypothesis (>=5.10.3,<6.0.0)", "eth-hash", "eth-hash"]

[[package]]
name = "eth-rlp"
version = "0.2.1"
description = "eth-rlp: RLP definitions for common Ethereum objects in Python"
category = "main"
optional = false
python-versions = ">=3.6, <4"

[package.dependencies]
eth-utils = ">=1.0.1,<2"
hexbytes = ">=0.1.0,<1"
rlp = ">=0.6.0,<3"

[package.extras]
dev = ["Sphinx (>=1.6.5,<2)", "bumpversion (>=0.5.3,<1)", "eth-hash", "flake8 (==3.7.9)", "ipython", "isort (>=4.2.15,<5)", "mypy (==0.770)", "pydocstyle (>=3.0.0,<4)", "pytest-watch (>=4.1.0,<5)", "pytest-xdist", "pytest (==5.4.1)", "sphinx-rtd-theme (>=0.1.9)", "towncrier (>=19.2.0,<20)", "tox (==3.14.6)", "twine", "wheel"]
doc = ["Sphinx (>=1.6.5,<2)", "sphinx-rtd-theme (>=0.1.9)", "towncrier (>=19.2.0,<20)"]
lint = ["flake8 (==3.7.9)", "isort (>=4.2.15,<5)", "mypy (==0.770)", "pydocstyle (>=3.0.0,<4)"]
test = ["eth-hash", "pytest-xdist", "pytest (==5.4.1)", "tox (==3.14.6)"]

[[package]]
name = "eth-typing"
version = "2.3.0"
description = "eth-typing: Common type annotations for ethereum python packages"
category = "main"
optional = false
python-versions = ">=3.5, <4"

[package.extras]
dev = ["bumpversion (>=0.5.3,<1)", "pytest-watch (>=4.1.0,<5)", "wheel", "twine", "ipython", "pytest (>=4.4,<4.5)", "pytest-xdist", "tox (>=2.9.1,<3)", "flake8 (==3.8.3)", "isort (>=4.2.15,<5)", "mypy (==0.782)", "pydocstyle (>=3.0.0,<4)", "Sphinx (>=1.6.5,<2)", "sphinx-rtd-theme (>=0.1.9)"]
doc = ["Sphinx (>=1.6.5,<2)", "sphinx-rtd-theme (>=0.1.9)"]
lint = ["flake8 (==3.8.3)", "isort (>=4.2.15,<5)", "mypy (==0.782)", "pydocstyle (>=3.0.0,<4)"]
test = ["pytest (>=4.4,<4.5)", "pytest-xdist", "tox (>=2.9.1,<3)"]

[[package]]
name = "eth-utils"
version = "1.10.0"
description = "eth-utils: Common utility functions for python code that interacts with Ethereum"
category = "main"
optional = false
python-versions = ">=3.5,!=3.5.2,<4"

[package.dependencies]
cytoolz = {version = ">=0.10.1,<1.0.0", markers = "implementation_name == \"cpython\""}
eth-hash = ">=0.3.1,<0.4.0"
eth-typing = ">=2.2.1,<3.0.0"
toolz = {version = ">0.8.2,<1", markers = "implementation_name == \"pypy\""}

[package.extras]
dev = ["bumpversion (>=0.5.3,<1)", "pytest-watch (>=4.1.0,<5)", "wheel (>=0.30.0,<1.0.0)", "twine (>=1.13,<2)", "ipython", "hypothesis (>=4.43.0,<5.0.0)", "pytest (==5.4.1)", "pytest-xdist", "tox (==3.14.6)", "black (>=18.6b4,<19)", "flake8 (==3.7.9)", "isort (>=4.2.15,<5)", "mypy (==0.720)", "pydocstyle (>=5.0.0,<6)", "pytest (>=3.4.1,<4.0.0)", "Sphinx (>=1.6.5,<2)", "sphinx-rtd-theme (>=0.1.9,<2)", "towncrier (>=19.2.0,<20)"]
doc = ["Sphinx (>=1.6.5,<2)", "sphinx-rtd-theme (>=0.1.9,<2)", "towncrier (>=19.2.0,<20)"]
lint = ["black (>=18.6b4,<19)", "flake8 (==3.7.9)", "isort (>=4.2.15,<5)", "mypy (==0.720)", "pydocstyle (>=5.0.0,<6)", "pytest (>=3.4.1,<4.0.0)"]
test = ["hypothesis (>=4.43.0,<5.0.0)", "pytest (==5.4.1)", "pytest-xdist", "tox (==3.14.6)"]

[[package]]
name = "execnet"
version = "1.9.0"
description = "execnet: rapid multi-Python deployment"
category = "main"
optional = false
python-versions = ">=2.7, !=3.0.*, !=3.1.*, !=3.2.*, !=3.3.*, !=3.4.*"

[package.extras]
testing = ["pre-commit"]

[[package]]
name = "frozenlist"
version = "1.3.1"
description = "A list-like structure which implements collections.abc.MutableSequence"
category = "main"
optional = false
python-versions = ">=3.7"

[[package]]
name = "hexbytes"
version = "0.2.2"
description = "hexbytes: Python `bytes` subclass that decodes hex, with a readable console output"
category = "main"
optional = false
python-versions = ">=3.6, <4"

[package.extras]
dev = ["Sphinx (>=1.6.5,<2)", "bumpversion (>=0.5.3,<1)", "eth-utils (>=1.0.1,<2)", "flake8 (==3.7.9)", "hypothesis (>=3.44.24,<4)", "ipython", "isort (>=4.2.15,<5)", "mypy (==0.770)", "pydocstyle (>=5.0.0,<6)", "pytest-watch (>=4.1.0,<5)", "pytest-xdist", "pytest (==5.4.1)", "sphinx-rtd-theme (>=0.1.9,<1)", "towncrier (>=19.2.0,<20)", "tox (==3.14.6)", "twine", "wheel"]
doc = ["Sphinx (>=1.6.5,<2)", "sphinx-rtd-theme (>=0.1.9,<1)", "towncrier (>=19.2.0,<20)"]
lint = ["flake8 (==3.7.9)", "isort (>=4.2.15,<5)", "mypy (==0.770)", "pydocstyle (>=5.0.0,<6)"]
test = ["eth-utils (>=1.0.1,<2)", "hypothesis (>=3.44.24,<4)", "pytest-xdist", "pytest (==5.4.1)", "tox (==3.14.6)"]

[[package]]
name = "hypothesis"
version = "6.27.3"
description = "A library for property-based testing"
category = "main"
optional = false
python-versions = ">=3.6"

[package.dependencies]
attrs = ">=19.2.0"
sortedcontainers = ">=2.1.0,<3.0.0"

[package.extras]
all = ["black (>=19.10b0)", "click (>=7.0)", "django (>=2.2)", "dpcontracts (>=0.4)", "lark-parser (>=0.6.5)", "libcst (>=0.3.16)", "numpy (>=1.9.0)", "pandas (>=0.25)", "pytest (>=4.6)", "python-dateutil (>=1.4)", "pytz (>=2014.1)", "redis (>=3.0.0)", "rich (>=9.0.0)", "importlib-resources (>=3.3.0)", "importlib-metadata (>=3.6)", "backports.zoneinfo (>=0.2.1)", "tzdata (>=2020.4)"]
cli = ["click (>=7.0)", "black (>=19.10b0)", "rich (>=9.0.0)"]
codemods = ["libcst (>=0.3.16)"]
dateutil = ["python-dateutil (>=1.4)"]
django = ["pytz (>=2014.1)", "django (>=2.2)"]
dpcontracts = ["dpcontracts (>=0.4)"]
ghostwriter = ["black (>=19.10b0)"]
lark = ["lark-parser (>=0.6.5)"]
numpy = ["numpy (>=1.9.0)"]
pandas = ["pandas (>=0.25)"]
pytest = ["pytest (>=4.6)"]
pytz = ["pytz (>=2014.1)"]
redis = ["redis (>=3.0.0)"]
zoneinfo = ["importlib-resources (>=3.3.0)", "backports.zoneinfo (>=0.2.1)", "tzdata (>=2020.4)"]

[[package]]
name = "idna"
version = "3.3"
description = "Internationalized Domain Names in Applications (IDNA)"
category = "main"
optional = false
python-versions = ">=3.5"

[[package]]
name = "inflection"
version = "0.5.0"
description = "A port of Ruby on Rails inflector to Python"
category = "main"
optional = false
python-versions = ">=3.5"

[[package]]
name = "iniconfig"
version = "1.1.1"
description = "iniconfig: brain-dead simple config-ini parsing"
category = "main"
optional = false
python-versions = "*"

[[package]]
name = "ipfshttpclient"
version = "0.8.0a2"
description = "Python IPFS HTTP CLIENT library"
category = "main"
optional = false
python-versions = ">=3.6.2,!=3.7.0,!=3.7.1"

[package.dependencies]
multiaddr = ">=0.0.7"
requests = ">=2.11"

[[package]]
name = "jsonschema"
version = "3.2.0"
description = "An implementation of JSON Schema validation for Python"
category = "main"
optional = false
python-versions = "*"

[package.dependencies]
attrs = ">=17.4.0"
pyrsistent = ">=0.14.0"
six = ">=1.11.0"

[package.extras]
format = ["idna", "jsonpointer (>1.13)", "rfc3987", "strict-rfc3339", "webcolors"]
format_nongpl = ["idna", "jsonpointer (>1.13)", "webcolors", "rfc3986-validator (>0.1.0)", "rfc3339-validator"]

[[package]]
name = "lazy-object-proxy"
version = "1.7.1"
description = "A fast and thorough lazy object proxy."
category = "main"
optional = false
python-versions = ">=3.6"

[[package]]
name = "lru-dict"
version = "1.1.8"
description = "An Dict like LRU container."
category = "main"
optional = false
python-versions = "*"

[package.extras]
test = ["pytest"]

[[package]]
name = "multiaddr"
version = "0.0.9"
description = "Python implementation of jbenet's multiaddr"
category = "main"
optional = false
python-versions = ">=2.7,!=3.0.*,!=3.1.*,!=3.2.*,!=3.3.*"

[package.dependencies]
base58 = "*"
netaddr = "*"
six = "*"
varint = "*"

[[package]]
name = "multidict"
version = "6.0.2"
description = "multidict implementation"
category = "main"
optional = false
python-versions = ">=3.7"

[[package]]
name = "mypy-extensions"
version = "0.4.3"
description = "Experimental type system extensions for programs checked with the mypy typechecker."
category = "main"
optional = false
python-versions = "*"

[[package]]
name = "mythx-models"
version = "1.9.1"
description = "Python domain model classes for the MythX platform"
category = "main"
optional = false
python-versions = "*"

[package.dependencies]
inflection = "0.5.0"
jsonschema = "<4.0.0"
python-dateutil = "2.8.1"

[[package]]
name = "netaddr"
version = "0.8.0"
description = "A network address manipulation library for Python"
category = "main"
optional = false
python-versions = "*"

[[package]]
name = "packaging"
version = "21.3"
description = "Core utilities for Python packages"
category = "main"
optional = false
python-versions = ">=3.6"

[package.dependencies]
pyparsing = ">=2.0.2,<3.0.5 || >3.0.5"

[[package]]
name = "parsimonious"
version = "0.8.1"
description = "(Soon to be) the fastest pure-Python PEG parser I could muster"
category = "main"
optional = false
python-versions = "*"

[package.dependencies]
six = ">=1.9.0"

[[package]]
name = "pathspec"
version = "0.9.0"
description = "Utility library for gitignore style pattern matching of file paths."
category = "main"
optional = false
python-versions = "!=3.0.*,!=3.1.*,!=3.2.*,!=3.3.*,!=3.4.*,>=2.7"

[[package]]
name = "platformdirs"
version = "2.5.2"
description = "A small Python module for determining appropriate platform-specific dirs, e.g. a \"user data dir\"."
category = "main"
optional = false
python-versions = ">=3.7"

[package.extras]
docs = ["furo (>=2021.7.5b38)", "proselint (>=0.10.2)", "sphinx-autodoc-typehints (>=1.12)", "sphinx (>=4)"]
test = ["appdirs (==1.4.4)", "pytest-cov (>=2.7)", "pytest-mock (>=3.6)", "pytest (>=6)"]

[[package]]
name = "pluggy"
version = "1.0.0"
description = "plugin and hook calling mechanisms for python"
category = "main"
optional = false
python-versions = ">=3.6"

[package.extras]
dev = ["pre-commit", "tox"]
testing = ["pytest", "pytest-benchmark"]

[[package]]
name = "prompt-toolkit"
version = "3.0.30"
description = "Library for building powerful interactive command lines in Python"
category = "main"
optional = false
python-versions = ">=3.6.2"

[package.dependencies]
wcwidth = "*"

[[package]]
name = "protobuf"
version = "3.20.1"
description = "Protocol Buffers"
category = "main"
optional = false
python-versions = ">=3.7"

[[package]]
name = "psutil"
version = "5.9.1"
description = "Cross-platform lib for process and system monitoring in Python."
category = "main"
optional = false
python-versions = ">=2.7, !=3.0.*, !=3.1.*, !=3.2.*, !=3.3.*"

[package.extras]
test = ["ipaddress", "mock", "enum34", "pywin32", "wmi"]

[[package]]
name = "py"
version = "1.11.0"
description = "library with cross-python path, ini-parsing, io, code, log facilities"
category = "main"
optional = false
python-versions = ">=2.7, !=3.0.*, !=3.1.*, !=3.2.*, !=3.3.*, !=3.4.*"

[[package]]
name = "py-solc-ast"
version = "1.2.9"
description = "A tool for exploring the abstract syntax tree generated by solc."
category = "main"
optional = false
python-versions = ">=3.6, <4"

[[package]]
name = "py-solc-x"
version = "1.1.1"
description = "Python wrapper and version management tool for the solc Solidity compiler."
category = "main"
optional = false
python-versions = ">=3.6, <4"

[package.dependencies]
requests = ">=2.19.0,<3"
semantic-version = ">=2.8.1,<3"

[[package]]
name = "pycryptodome"
version = "3.15.0"
description = "Cryptographic library for Python"
category = "main"
optional = false
python-versions = ">=2.7, !=3.0.*, !=3.1.*, !=3.2.*, !=3.3.*, !=3.4.*"

[[package]]
name = "pygments"
version = "2.12.0"
description = "Pygments is a syntax highlighting package written in Python."
category = "main"
optional = false
python-versions = ">=3.6"

[[package]]
name = "pygments-lexer-solidity"
version = "0.7.0"
description = "Solidity lexer for Pygments (includes Yul intermediate language)"
category = "main"
optional = false
python-versions = ">=3.3, <4"

[package.dependencies]
pygments = ">=2.1"

[[package]]
name = "pyjwt"
version = "1.7.1"
description = "JSON Web Token implementation in Python"
category = "main"
optional = false
python-versions = "*"

[package.extras]
crypto = ["cryptography (>=1.4)"]
flake8 = ["flake8", "flake8-import-order", "pep8-naming"]
test = ["pytest (>=4.0.1,<5.0.0)", "pytest-cov (>=2.6.0,<3.0.0)", "pytest-runner (>=4.2,<5.0.0)"]

[[package]]
name = "pyparsing"
version = "3.0.9"
description = "pyparsing module - Classes and methods to define and execute parsing grammars"
category = "main"
optional = false
python-versions = ">=3.6.8"

[package.extras]
diagrams = ["railroad-diagrams", "jinja2"]

[[package]]
name = "pyrsistent"
version = "0.18.1"
description = "Persistent/Functional/Immutable data structures"
category = "main"
optional = false
python-versions = ">=3.7"

[[package]]
name = "pytest"
version = "6.2.5"
description = "pytest: simple powerful testing with Python"
category = "main"
optional = false
python-versions = ">=3.6"

[package.dependencies]
atomicwrites = {version = ">=1.0", markers = "sys_platform == \"win32\""}
attrs = ">=19.2.0"
colorama = {version = "*", markers = "sys_platform == \"win32\""}
iniconfig = "*"
packaging = "*"
pluggy = ">=0.12,<2.0"
py = ">=1.8.2"
toml = "*"

[package.extras]
testing = ["argcomplete", "hypothesis (>=3.56)", "mock", "nose", "requests", "xmlschema"]

[[package]]
name = "pytest-forked"
version = "1.4.0"
description = "run tests in isolated forked subprocesses"
category = "main"
optional = false
python-versions = ">=3.6"

[package.dependencies]
py = "*"
pytest = ">=3.10"

[[package]]
name = "pytest-xdist"
version = "1.34.0"
description = "pytest xdist plugin for distributed testing and loop-on-failing modes"
category = "main"
optional = false
python-versions = ">=2.7, !=3.0.*, !=3.1.*, !=3.2.*, !=3.3.*, !=3.4.*"

[package.dependencies]
execnet = ">=1.1"
pytest = ">=4.4.0"
pytest-forked = "*"
six = "*"

[package.extras]
testing = ["filelock"]

[[package]]
name = "python-dateutil"
version = "2.8.1"
description = "Extensions to the standard Python datetime module"
category = "main"
optional = false
python-versions = "!=3.0.*,!=3.1.*,!=3.2.*,>=2.7"

[package.dependencies]
six = ">=1.5"

[[package]]
name = "python-dotenv"
version = "0.16.0"
description = "Read key-value pairs from a .env file and set them as environment variables"
category = "main"
optional = false
python-versions = "*"

[package.extras]
cli = ["click (>=5.0)"]

[[package]]
name = "pythx"
version = "1.6.1"
description = "A Python library for the MythX platform"
category = "main"
optional = false
python-versions = "*"

[package.dependencies]
inflection = "0.5.0"
mythx-models = "1.9.1"
PyJWT = ">=1.7.0,<1.8.0"
python-dateutil = ">=2.8.0,<2.9.0"
requests = ">=2.0.0,<3.0.0"

[[package]]
name = "pywin32"
version = "304"
description = "Python for Window Extensions"
category = "main"
optional = false
python-versions = "*"

[[package]]
name = "pyyaml"
version = "5.4.1"
description = "YAML parser and emitter for Python"
category = "main"
optional = false
python-versions = ">=2.7, !=3.0.*, !=3.1.*, !=3.2.*, !=3.3.*, !=3.4.*, !=3.5.*"

[[package]]
name = "requests"
version = "2.28.1"
description = "Python HTTP for Humans."
category = "main"
optional = false
python-versions = ">=3.7, <4"

[package.dependencies]
certifi = ">=2017.4.17"
charset-normalizer = ">=2,<3"
idna = ">=2.5,<4"
urllib3 = ">=1.21.1,<1.27"

[package.extras]
socks = ["PySocks (>=1.5.6,!=1.5.7)"]
use_chardet_on_py3 = ["chardet (>=3.0.2,<6)"]

[[package]]
name = "rlp"
version = "2.0.1"
description = "A package for Recursive Length Prefix encoding and decoding"
category = "main"
optional = false
python-versions = "*"

[package.dependencies]
eth-utils = ">=1.0.2,<2"

[package.extras]
dev = ["Sphinx (>=1.6.5,<2)", "bumpversion (>=0.5.3,<1)", "flake8 (==3.4.1)", "hypothesis (==5.19.0)", "ipython", "pytest-watch (>=4.1.0,<5)", "pytest-xdist", "pytest (==5.4.3)", "setuptools (>=36.2.0)", "sphinx-rtd-theme (>=0.1.9)", "tox (>=2.9.1,<3)", "twine", "wheel"]
doc = ["Sphinx (>=1.6.5,<2)", "sphinx-rtd-theme (>=0.1.9)"]
lint = ["flake8 (==3.4.1)"]
rust-backend = ["rusty-rlp (>=0.1.15,<0.2)"]
test = ["hypothesis (==5.19.0)", "pytest (==5.4.3)", "tox (>=2.9.1,<3)"]

[[package]]
name = "semantic-version"
version = "2.8.5"
description = "A library implementing the 'SemVer' scheme."
category = "main"
optional = false
python-versions = ">=2.7, !=3.0.*, !=3.1.*, !=3.2.*, !=3.3.*"

[[package]]
name = "six"
version = "1.16.0"
description = "Python 2 and 3 compatibility utilities"
category = "main"
optional = false
python-versions = ">=2.7, !=3.0.*, !=3.1.*, !=3.2.*"

[[package]]
name = "sortedcontainers"
version = "2.4.0"
description = "Sorted Containers -- Sorted List, Sorted Dict, Sorted Set"
category = "main"
optional = false
python-versions = "*"

[[package]]
name = "toml"
version = "0.10.2"
description = "Python Library for Tom's Obvious, Minimal Language"
category = "main"
optional = false
python-versions = ">=2.6, !=3.0.*, !=3.1.*, !=3.2.*"

[[package]]
name = "tomli"
version = "2.0.1"
description = "A lil' TOML parser"
category = "main"
optional = false
python-versions = ">=3.7"

[[package]]
name = "toolz"
version = "0.12.0"
description = "List processing tools and functional utilities"
category = "main"
optional = false
python-versions = ">=3.5"

[[package]]
name = "tqdm"
version = "4.64.0"
description = "Fast, Extensible Progress Meter"
category = "main"
optional = false
python-versions = "!=3.0.*,!=3.1.*,!=3.2.*,!=3.3.*,>=2.7"

[package.dependencies]
colorama = {version = "*", markers = "platform_system == \"Windows\""}

[package.extras]
dev = ["py-make (>=0.1.0)", "twine", "wheel"]
notebook = ["ipywidgets (>=6)"]
slack = ["slack-sdk"]
telegram = ["requests"]

[[package]]
name = "typing-extensions"
version = "4.3.0"
description = "Backported and Experimental Type Hints for Python 3.7+"
category = "main"
optional = false
python-versions = ">=3.7"

[[package]]
name = "urllib3"
version = "1.26.11"
description = "HTTP library with thread-safe connection pooling, file post, and more."
category = "main"
optional = false
python-versions = ">=2.7, !=3.0.*, !=3.1.*, !=3.2.*, !=3.3.*, !=3.4.*, !=3.5.*, <4"

[package.extras]
brotli = ["brotlicffi (>=0.8.0)", "brotli (>=1.0.9)", "brotlipy (>=0.6.0)"]
secure = ["pyOpenSSL (>=0.14)", "cryptography (>=1.3.4)", "idna (>=2.0.0)", "certifi", "ipaddress"]
socks = ["PySocks (>=1.5.6,!=1.5.7,<2.0)"]

[[package]]
name = "varint"
version = "1.0.2"
description = "Simple python varint implementation"
category = "main"
optional = false
python-versions = "*"

[[package]]
name = "vvm"
version = "0.1.0"
description = "Vyper version management tool"
category = "main"
optional = false
python-versions = ">=3.6, <4"

[package.dependencies]
requests = ">=2.19.0,<3"
semantic-version = ">=2.8.1,<3"

[[package]]
name = "vyper"
version = "0.3.6"
description = "Vyper: the Pythonic Programming Language for the EVM"
category = "main"
optional = false
python-versions = ">=3.7,<3.11"

[package.dependencies]
asttokens = "2.0.5"
pycryptodome = ">=3.5.1,<4"
semantic-version = "2.8.5"

[package.extras]
dev = ["pytest (>=6.2.5,<7.0)", "pytest-cov (>=2.10,<3.0)", "pytest-instafail (>=0.4,<1.0)", "pytest-xdist (>=2.5,<3.0)", "pytest-split (>=0.7.0,<1.0)", "pytest-rerunfailures (>=10.2,<11)", "eth-tester[py-evm] (>=0.6.0b6,<0.7)", "py-evm (>=0.5.0a3,<0.6)", "web3 (==5.27.0)", "tox (>=3.15,<4.0)", "lark-parser (==0.10.0)", "hypothesis[lark] (>=5.37.1,<6.0)", "black (==21.9b0)", "click (<8.1.0)", "flake8 (==3.9.2)", "flake8-bugbear (==20.1.4)", "flake8-use-fstring (==1.1)", "isort (==5.9.3)", "mypy (==0.910)", "recommonmark", "sphinx (>=3.0,<4.0)", "sphinx-rtd-theme (>=0.5,<0.6)", "ipython", "pre-commit", "pyinstaller", "twine"]
docs = ["recommonmark", "sphinx (>=3.0,<4.0)", "sphinx-rtd-theme (>=0.5,<0.6)"]
lint = ["black (==21.9b0)", "click (<8.1.0)", "flake8 (==3.9.2)", "flake8-bugbear (==20.1.4)", "flake8-use-fstring (==1.1)", "isort (==5.9.3)", "mypy (==0.910)"]
test = ["pytest (>=6.2.5,<7.0)", "pytest-cov (>=2.10,<3.0)", "pytest-instafail (>=0.4,<1.0)", "pytest-xdist (>=2.5,<3.0)", "pytest-split (>=0.7.0,<1.0)", "pytest-rerunfailures (>=10.2,<11)", "eth-tester[py-evm] (>=0.6.0b6,<0.7)", "py-evm (>=0.5.0a3,<0.6)", "web3 (==5.27.0)", "tox (>=3.15,<4.0)", "lark-parser (==0.10.0)", "hypothesis[lark] (>=5.37.1,<6.0)"]

[[package]]
name = "wcwidth"
version = "0.2.5"
description = "Measures the displayed width of unicode strings in a terminal"
category = "main"
optional = false
python-versions = "*"

[[package]]
name = "web3"
version = "5.30.0"
description = "Web3.py"
category = "main"
optional = false
python-versions = ">=3.6,<4"

[package.dependencies]
aiohttp = ">=3.7.4.post0,<4"
eth-abi = ">=2.0.0b6,<3.0.0"
eth-account = ">=0.5.7,<0.6.0"
eth-hash = {version = ">=0.2.0,<1.0.0", extras = ["pycryptodome"]}
eth-rlp = "<0.3"
eth-typing = ">=2.0.0,<3.0.0"
eth-utils = ">=1.9.5,<2.0.0"
hexbytes = ">=0.1.0,<1.0.0"
ipfshttpclient = "0.8.0a2"
jsonschema = ">=3.2.0,<5"
lru-dict = ">=1.1.6,<2.0.0"
protobuf = ">=3.10.0,<4"
pywin32 = {version = ">=223", markers = "platform_system == \"Windows\""}
requests = ">=2.16.0,<3.0.0"
websockets = ">=9.1,<10"

[package.extras]
tester = ["py-geth (>=3.8.0,<4)", "eth-tester[py-evm] (==v0.6.0-beta.6)"]
linter = ["types-protobuf (==3.19.13)", "types-requests (>=2.26.1,<3)", "types-setuptools (>=57.4.4,<58)", "mypy (==0.910)", "isort (>=4.2.15,<4.3.5)", "flake8 (==3.8.3)"]
docs = ["Jinja2 (<=3.0.3)", "wheel", "urllib3", "towncrier (==18.5.0)", "toposort (>=1.4)", "sphinx-rtd-theme (>=0.1.9)", "sphinx (>=3.0,<4)", "pytest (>=4.4.0,<5.0.0)", "py-solc (>=0.4.0)", "py-geth (>=3.8.0,<4)", "contextlib2 (>=0.5.4)", "configparser (==3.5.0)", "click (>=5.1)", "sphinx-better-theme (>=0.1.4)", "mock"]
dev = ["when-changed (>=0.3.0,<0.4)", "pluggy (==0.13.1)", "twine (>=1.13,<2)", "tqdm (>4.32,<5)", "tox (>=1.8.0)", "setuptools (>=38.6.0)", "pytest-xdist (>=1.29,<2)", "pytest-watch (>=4.2,<5)", "pytest-pythonpath (>=0.3)", "pytest-mock (>=1.10,<2)", "pytest-asyncio (>=0.10.0,<0.11)", "hypothesis (>=3.31.2,<6)", "flaky (>=3.7.0,<4)", "bumpversion", "Jinja2 (<=3.0.3)", "wheel", "urllib3", "towncrier (==18.5.0)", "toposort (>=1.4)", "sphinx-rtd-theme (>=0.1.9)", "sphinx (>=3.0,<4)", "pytest (>=4.4.0,<5.0.0)", "py-solc (>=0.4.0)", "contextlib2 (>=0.5.4)", "configparser (==3.5.0)", "click (>=5.1)", "sphinx-better-theme (>=0.1.4)", "mock", "types-protobuf (==3.19.13)", "types-requests (>=2.26.1,<3)", "types-setuptools (>=57.4.4,<58)", "mypy (==0.910)", "isort (>=4.2.15,<4.3.5)", "flake8 (==3.8.3)", "py-geth (>=3.8.0,<4)", "eth-tester[py-evm] (==v0.6.0-beta.6)"]

[[package]]
name = "websockets"
version = "9.1"
description = "An implementation of the WebSocket Protocol (RFC 6455 & 7692)"
category = "main"
optional = false
python-versions = ">=3.6.1"

[[package]]
name = "wrapt"
version = "1.14.1"
description = "Module for decorators, wrappers and monkey patching."
category = "main"
optional = false
python-versions = "!=3.0.*,!=3.1.*,!=3.2.*,!=3.3.*,!=3.4.*,>=2.7"

[[package]]
name = "yarl"
version = "1.8.1"
description = "Yet another URL library"
category = "main"
optional = false
python-versions = ">=3.7"

[package.dependencies]
idna = ">=2.0"
multidict = ">=4.0"

[metadata]
lock-version = "1.1"
python-versions = ">=3.9,<3.11"
content-hash = "9b2baa97c67cfac727ccec3c2896cb84614cf096d6e5a2eb4a6cd90b5434f267"

[metadata.files]
aiohttp = []
aiosignal = []
asttokens = []
async-timeout = []
atomicwrites = []
attrs = []
base58 = []
bitarray = []
black = []
certifi = []
charset-normalizer = []
click = []
colorama = []
cytoolz = []
dataclassy = []
eip712 = []
eth-abi = []
eth-account = []
eth-brownie = []
eth-event = []
eth-hash = []
eth-keyfile = []
eth-keys = []
eth-rlp = []
eth-typing = []
eth-utils = []
execnet = []
frozenlist = []
hexbytes = []
hypothesis = []
idna = []
inflection = []
iniconfig = []
ipfshttpclient = []
jsonschema = []
lazy-object-proxy = []
lru-dict = []
multiaddr = []
multidict = []
mypy-extensions = []
mythx-models = []
netaddr = []
packaging = []
parsimonious = []
pathspec = []
platformdirs = []
pluggy = []
prompt-toolkit = []
protobuf = []
psutil = []
py = []
py-solc-ast = []
py-solc-x = []
pycryptodome = []
pygments = []
pygments-lexer-solidity = []
pyjwt = []
pyparsing = []
pyrsistent = []
pytest = []
pytest-forked = []
pytest-xdist = []
python-dateutil = []
python-dotenv = []
pythx = []
pywin32 = []
pyyaml = []
requests = []
rlp = []
semantic-version = []
six = []
sortedcontainers = []
toml = []
tomli = []
toolz = []
tqdm = []
typing-extensions = []
urllib3 = []
varint = []
vvm = []
vyper = []
wcwidth = []
web3 = []
websockets = []
wrapt = []
yarl = []
